
Microsoft Visual Studio Solution File, Format Version 12.00
# Visual Studio Version 16
VisualStudioVersion = 16.0.29306.81
MinimumVisualStudioVersion = 10.0.40219.1
Project("{FAE04EC0-301F-11D3-BF4B-00C04F79EFBC}") = "Prueba 7", "Prueba 7\Prueba 7.csproj", "{F966B380-FDB9-415D-84D1-B94A72DB3CEA}"
EndProject
Global
	GlobalSection(SolutionConfigurationPlatforms) = preSolution
		Debug|Any CPU = Debug|Any CPU
		Release|Any CPU = Release|Any CPU
	EndGlobalSection
	GlobalSection(ProjectConfigurationPlatforms) = postSolution
		{F966B380-FDB9-415D-84D1-B94A72DB3CEA}.Debug|Any CPU.ActiveCfg = Debug|Any CPU
		{F966B380-FDB9-415D-84D1-B94A72DB3CEA}.Debug|Any CPU.Build.0 = Debug|Any CPU
		{F966B380-FDB9-415D-84D1-B94A72DB3CEA}.Release|Any CPU.ActiveCfg = Release|Any CPU
		{F966B380-FDB9-415D-84D1-B94A72DB3CEA}.Release|Any CPU.Build.0 = Release|Any CPU
	EndGlobalSection
	GlobalSection(SolutionProperties) = preSolution
		HideSolutionNode = FALSE
	EndGlobalSection
	GlobalSection(ExtensibilityGlobals) = postSolution
		SolutionGuid = {00F39781-26DF-4FA2-A5E5-E5C1C8E16680}
	EndGlobalSection
EndGlobal
